
Microsoft Visual Studio Solution File, Format Version 12.00
# Visual Studio Version 16
VisualStudioVersion = 16.0.31205.134
MinimumVisualStudioVersion = 10.0.40219.1
Project("{9A19103F-16F7-4668-BE54-9A1E7A4F7556}") = "SmartCafe.EventHub.Receivers.Direct", "SmartCafe.EventHub.Receivers.Direct\SmartCafe.EventHub.Receivers.Direct.csproj", "{9121660C-FBC0-4242-97C6-B18746228850}"
EndProject
Project("{9A19103F-16F7-4668-BE54-9A1E7A4F7556}") = "SmartCafe.EventHub.Model", "SmartCafe.EventHub.Model\SmartCafe.EventHub.Model.csproj", "{EE3D473A-1DD8-4A44-ADC4-61DA00009C79}"
EndProject
Project("{FAE04EC0-301F-11D3-BF4B-00C04F79EFBC}") = "SmartCafe.EventHub.Receivers.Processor", "SmartCafe.EventHub.Receivers.Processor\SmartCafe.EventHub.Receivers.Processor.csproj", "{806A1B5A-24F9-4A0B-935F-028E8DAC8CF7}"
EndProject
Global
	GlobalSection(SolutionConfigurationPlatforms) = preSolution
		Debug|Any CPU = Debug|Any CPU
		Release|Any CPU = Release|Any CPU
	EndGlobalSection
	GlobalSection(ProjectConfigurationPlatforms) = postSolution
		{9121660C-FBC0-4242-97C6-B18746228850}.Debug|Any CPU.ActiveCfg = Debug|Any CPU
		{9121660C-FBC0-4242-97C6-B18746228850}.Debug|Any CPU.Build.0 = Debug|Any CPU
		{9121660C-FBC0-4242-97C6-B18746228850}.Release|Any CPU.ActiveCfg = Release|Any CPU
		{9121660C-FBC0-4242-97C6-B18746228850}.Release|Any CPU.Build.0 = Release|Any CPU
		{EE3D473A-1DD8-4A44-ADC4-61DA00009C79}.Debug|Any CPU.ActiveCfg = Debug|Any CPU
		{EE3D473A-1DD8-4A44-ADC4-61DA00009C79}.Debug|Any CPU.Build.0 = Debug|Any CPU
		{EE3D473A-1DD8-4A44-ADC4-61DA00009C79}.Release|Any CPU.ActiveCfg = Release|Any CPU
		{EE3D473A-1DD8-4A44-ADC4-61DA00009C79}.Release|Any CPU.Build.0 = Release|Any CPU
		{806A1B5A-24F9-4A0B-935F-028E8DAC8CF7}.Debug|Any CPU.ActiveCfg = Debug|Any CPU
		{806A1B5A-24F9-4A0B-935F-028E8DAC8CF7}.Debug|Any CPU.Build.0 = Debug|Any CPU
		{806A1B5A-24F9-4A0B-935F-028E8DAC8CF7}.Release|Any CPU.ActiveCfg = Release|Any CPU
		{806A1B5A-24F9-4A0B-935F-028E8DAC8CF7}.Release|Any CPU.Build.0 = Release|Any CPU
	EndGlobalSection
	GlobalSection(SolutionProperties) = preSolution
		HideSolutionNode = FALSE
	EndGlobalSection
	GlobalSection(ExtensibilityGlobals) = postSolution
		SolutionGuid = {D19716EF-CF8F-410F-872F-F29EE648D07D}
	EndGlobalSection
EndGlobal
